// !$*UTF8*$!
{
	archiveVersion = 1;
	classes = {
	};
	objectVersion = 51;
	objects = {

/* Begin PBXBuildFile section */
		2D04F0271694519F6914D32E /* Pods_Test_ProjectTests.framework in Frameworks */ = {isa = PBXBuildFile; fileRef = 2B19AB440E960B58BF4F7A71 /* Pods_Test_ProjectTests.framework */; };
		5035EF1D237C3D380096CBFF /* AppDelegate.swift in Sources */ = {isa = PBXBuildFile; fileRef = 5035EF1C237C3D380096CBFF /* AppDelegate.swift */; };
		5035EF26237C3D380096CBFF /* Assets.xcassets in Resources */ = {isa = PBXBuildFile; fileRef = 5035EF25237C3D380096CBFF /* Assets.xcassets */; };
		5035EF29237C3D380096CBFF /* LaunchScreen.storyboard in Resources */ = {isa = PBXBuildFile; fileRef = 5035EF27237C3D380096CBFF /* LaunchScreen.storyboard */; };
		5035EF34237C3D390096CBFF /* Test_ProjectTests.swift in Sources */ = {isa = PBXBuildFile; fileRef = 5035EF33237C3D390096CBFF /* Test_ProjectTests.swift */; };
		5035EF3F237C3D390096CBFF /* Test_ProjectUITests.swift in Sources */ = {isa = PBXBuildFile; fileRef = 5035EF3E237C3D390096CBFF /* Test_ProjectUITests.swift */; };
		50D97EE1237C41BB00C6D024 /* BooksListPresenter.swift in Sources */ = {isa = PBXBuildFile; fileRef = 50D97EDA237C41BB00C6D024 /* BooksListPresenter.swift */; };
		50D97EE3237C41BB00C6D024 /* BooksListRouter.swift in Sources */ = {isa = PBXBuildFile; fileRef = 50D97EDC237C41BB00C6D024 /* BooksListRouter.swift */; };
		50D97EE4237C41BB00C6D024 /* BooksListModels.swift in Sources */ = {isa = PBXBuildFile; fileRef = 50D97EDD237C41BB00C6D024 /* BooksListModels.swift */; };
		50D97EE5237C41BB00C6D024 /* BooksListViewController.swift in Sources */ = {isa = PBXBuildFile; fileRef = 50D97EDE237C41BB00C6D024 /* BooksListViewController.swift */; };
		50D97EE6237C41BB00C6D024 /* BooksListInteractor.swift in Sources */ = {isa = PBXBuildFile; fileRef = 50D97EDF237C41BB00C6D024 /* BooksListInteractor.swift */; };
		50FEC4A8237CE6A500C519ED /* BookCell.swift in Sources */ = {isa = PBXBuildFile; fileRef = 50FEC4A6237CE6A500C519ED /* BookCell.swift */; };
		50FEC4A9237CE6A500C519ED /* BookCell.xib in Resources */ = {isa = PBXBuildFile; fileRef = 50FEC4A7237CE6A500C519ED /* BookCell.xib */; };
		847D4E72237D59C400E7065C /* BookDetailsViewController.swift in Sources */ = {isa = PBXBuildFile; fileRef = 847D4E6B237D59C400E7065C /* BookDetailsViewController.swift */; };
		847D4E76237D5BCA00E7065C /* BookDetails.storyboard in Resources */ = {isa = PBXBuildFile; fileRef = 847D4E75237D5BCA00E7065C /* BookDetails.storyboard */; };
		847D4E85237D722700E7065C /* BooksListViewControllerTests.swift in Sources */ = {isa = PBXBuildFile; fileRef = 847D4E81237D722700E7065C /* BooksListViewControllerTests.swift */; };
		847D4E86237D722700E7065C /* BooksListInteractorTests.swift in Sources */ = {isa = PBXBuildFile; fileRef = 847D4E82237D722700E7065C /* BooksListInteractorTests.swift */; };
		847D4E88237D722700E7065C /* BooksListPresenterTests.swift in Sources */ = {isa = PBXBuildFile; fileRef = 847D4E84237D722700E7065C /* BooksListPresenterTests.swift */; };
		D6BBA46B91FEBA22CACC61EF /* libPods-Test ProjectUITests.a in Frameworks */ = {isa = PBXBuildFile; fileRef = 2F0B3B87D0422733B926E988 /* libPods-Test ProjectUITests.a */; };
		DDEDB47622CA61141DAC85F2 /* Pods_Test_Project.framework in Frameworks */ = {isa = PBXBuildFile; fileRef = 3DC3E34ECC9E9EC0DDC20D92 /* Pods_Test_Project.framework */; };
/* End PBXBuildFile section */

/* Begin PBXContainerItemProxy section */
		5035EF30237C3D390096CBFF /* PBXContainerItemProxy */ = {
			isa = PBXContainerItemProxy;
			containerPortal = 5035EF11237C3D380096CBFF /* Project object */;
			proxyType = 1;
			remoteGlobalIDString = 5035EF18237C3D380096CBFF;
			remoteInfo = "Test Project";
		};
		5035EF3B237C3D390096CBFF /* PBXContainerItemProxy */ = {
			isa = PBXContainerItemProxy;
			containerPortal = 5035EF11237C3D380096CBFF /* Project object */;
			proxyType = 1;
			remoteGlobalIDString = 5035EF18237C3D380096CBFF;
			remoteInfo = "Test Project";
		};
/* End PBXContainerItemProxy section */

/* Begin PBXFileReference section */
		00E1E80CB71E1B1EE697C77F /* Pods-Test Project-Test ProjectUITests.release.xcconfig */ = {isa = PBXFileReference; includeInIndex = 1; lastKnownFileType = text.xcconfig; name = "Pods-Test Project-Test ProjectUITests.release.xcconfig"; path = "Target Support Files/Pods-Test Project-Test ProjectUITests/Pods-Test Project-Test ProjectUITests.release.xcconfig"; sourceTree = "<group>"; };
		13A0A84DB1148814067A5D3F /* Pods-Test Project.debug.xcconfig */ = {isa = PBXFileReference; includeInIndex = 1; lastKnownFileType = text.xcconfig; name = "Pods-Test Project.debug.xcconfig"; path = "Target Support Files/Pods-Test Project/Pods-Test Project.debug.xcconfig"; sourceTree = "<group>"; };
		13F0C6A7B7CE8FD887B9ED3E /* Pods-Test Project-Test ProjectUITests.debug.xcconfig */ = {isa = PBXFileReference; includeInIndex = 1; lastKnownFileType = text.xcconfig; name = "Pods-Test Project-Test ProjectUITests.debug.xcconfig"; path = "Target Support Files/Pods-Test Project-Test ProjectUITests/Pods-Test Project-Test ProjectUITests.debug.xcconfig"; sourceTree = "<group>"; };
		2B19AB440E960B58BF4F7A71 /* Pods_Test_ProjectTests.framework */ = {isa = PBXFileReference; explicitFileType = wrapper.framework; includeInIndex = 0; path = Pods_Test_ProjectTests.framework; sourceTree = BUILT_PRODUCTS_DIR; };
		2F0B3B87D0422733B926E988 /* libPods-Test ProjectUITests.a */ = {isa = PBXFileReference; explicitFileType = archive.ar; includeInIndex = 0; path = "libPods-Test ProjectUITests.a"; sourceTree = BUILT_PRODUCTS_DIR; };
		3DC3E34ECC9E9EC0DDC20D92 /* Pods_Test_Project.framework */ = {isa = PBXFileReference; explicitFileType = wrapper.framework; includeInIndex = 0; path = Pods_Test_Project.framework; sourceTree = BUILT_PRODUCTS_DIR; };
		50179984237C4FFD00A6EF08 /* Alamofire.framework */ = {isa = PBXFileReference; explicitFileType = wrapper.framework; path = Alamofire.framework; sourceTree = BUILT_PRODUCTS_DIR; };
		50179986237C500300A6EF08 /* AlamofireObjectMapper.framework */ = {isa = PBXFileReference; explicitFileType = wrapper.framework; path = AlamofireObjectMapper.framework; sourceTree = BUILT_PRODUCTS_DIR; };
		5035EF19237C3D380096CBFF /* Test Project.app */ = {isa = PBXFileReference; explicitFileType = wrapper.application; includeInIndex = 0; path = "Test Project.app"; sourceTree = BUILT_PRODUCTS_DIR; };
		5035EF1C237C3D380096CBFF /* AppDelegate.swift */ = {isa = PBXFileReference; lastKnownFileType = sourcecode.swift; path = AppDelegate.swift; sourceTree = "<group>"; };
		5035EF25237C3D380096CBFF /* Assets.xcassets */ = {isa = PBXFileReference; lastKnownFileType = folder.assetcatalog; path = Assets.xcassets; sourceTree = "<group>"; };
		5035EF28237C3D380096CBFF /* Base */ = {isa = PBXFileReference; lastKnownFileType = file.storyboard; name = Base; path = Base.lproj/LaunchScreen.storyboard; sourceTree = "<group>"; };
		5035EF2A237C3D380096CBFF /* Info.plist */ = {isa = PBXFileReference; lastKnownFileType = text.plist.xml; path = Info.plist; sourceTree = "<group>"; };
		5035EF2F237C3D390096CBFF /* Test ProjectTests.xctest */ = {isa = PBXFileReference; explicitFileType = wrapper.cfbundle; includeInIndex = 0; path = "Test ProjectTests.xctest"; sourceTree = BUILT_PRODUCTS_DIR; };
		5035EF33237C3D390096CBFF /* Test_ProjectTests.swift */ = {isa = PBXFileReference; lastKnownFileType = sourcecode.swift; path = Test_ProjectTests.swift; sourceTree = "<group>"; };
		5035EF35237C3D390096CBFF /* Info.plist */ = {isa = PBXFileReference; lastKnownFileType = text.plist.xml; path = Info.plist; sourceTree = "<group>"; };
		5035EF3A237C3D390096CBFF /* Test ProjectUITests.xctest */ = {isa = PBXFileReference; explicitFileType = wrapper.cfbundle; includeInIndex = 0; path = "Test ProjectUITests.xctest"; sourceTree = BUILT_PRODUCTS_DIR; };
		5035EF3E237C3D390096CBFF /* Test_ProjectUITests.swift */ = {isa = PBXFileReference; lastKnownFileType = sourcecode.swift; path = Test_ProjectUITests.swift; sourceTree = "<group>"; };
		5035EF40237C3D390096CBFF /* Info.plist */ = {isa = PBXFileReference; lastKnownFileType = text.plist.xml; path = Info.plist; sourceTree = "<group>"; };
		50D97EDA237C41BB00C6D024 /* BooksListPresenter.swift */ = {isa = PBXFileReference; lastKnownFileType = sourcecode.swift; path = BooksListPresenter.swift; sourceTree = "<group>"; };
		50D97EDC237C41BB00C6D024 /* BooksListRouter.swift */ = {isa = PBXFileReference; lastKnownFileType = sourcecode.swift; path = BooksListRouter.swift; sourceTree = "<group>"; };
		50D97EDD237C41BB00C6D024 /* BooksListModels.swift */ = {isa = PBXFileReference; lastKnownFileType = sourcecode.swift; path = BooksListModels.swift; sourceTree = "<group>"; };
		50D97EDE237C41BB00C6D024 /* BooksListViewController.swift */ = {isa = PBXFileReference; lastKnownFileType = sourcecode.swift; path = BooksListViewController.swift; sourceTree = "<group>"; };
		50D97EDF237C41BB00C6D024 /* BooksListInteractor.swift */ = {isa = PBXFileReference; lastKnownFileType = sourcecode.swift; path = BooksListInteractor.swift; sourceTree = "<group>"; };
		50FEC4A6237CE6A500C519ED /* BookCell.swift */ = {isa = PBXFileReference; lastKnownFileType = sourcecode.swift; path = BookCell.swift; sourceTree = "<group>"; };
		50FEC4A7237CE6A500C519ED /* BookCell.xib */ = {isa = PBXFileReference; lastKnownFileType = file.xib; path = BookCell.xib; sourceTree = "<group>"; };
		7984539F514B789184A88163 /* Pods-Test Project-Test ProjectTests.debug.xcconfig */ = {isa = PBXFileReference; includeInIndex = 1; lastKnownFileType = text.xcconfig; name = "Pods-Test Project-Test ProjectTests.debug.xcconfig"; path = "Target Support Files/Pods-Test Project-Test ProjectTests/Pods-Test Project-Test ProjectTests.debug.xcconfig"; sourceTree = "<group>"; };
		847D4E6B237D59C400E7065C /* BookDetailsViewController.swift */ = {isa = PBXFileReference; lastKnownFileType = sourcecode.swift; path = BookDetailsViewController.swift; sourceTree = "<group>"; };
		847D4E75237D5BCA00E7065C /* BookDetails.storyboard */ = {isa = PBXFileReference; lastKnownFileType = file.storyboard; path = BookDetails.storyboard; sourceTree = "<group>"; };
		847D4E81237D722700E7065C /* BooksListViewControllerTests.swift */ = {isa = PBXFileReference; lastKnownFileType = sourcecode.swift; path = BooksListViewControllerTests.swift; sourceTree = "<group>"; };
		847D4E82237D722700E7065C /* BooksListInteractorTests.swift */ = {isa = PBXFileReference; lastKnownFileType = sourcecode.swift; path = BooksListInteractorTests.swift; sourceTree = "<group>"; };
		847D4E84237D722700E7065C /* BooksListPresenterTests.swift */ = {isa = PBXFileReference; lastKnownFileType = sourcecode.swift; path = BooksListPresenterTests.swift; sourceTree = "<group>"; };
		9A8A1022B239305DC4B20CB0 /* Pods-Test Project-Test ProjectTests.release.xcconfig */ = {isa = PBXFileReference; includeInIndex = 1; lastKnownFileType = text.xcconfig; name = "Pods-Test Project-Test ProjectTests.release.xcconfig"; path = "Target Support Files/Pods-Test Project-Test ProjectTests/Pods-Test Project-Test ProjectTests.release.xcconfig"; sourceTree = "<group>"; };
		ACDAE65547415EE409D8D10C /* Pods-Test ProjectUITests.release.xcconfig */ = {isa = PBXFileReference; includeInIndex = 1; lastKnownFileType = text.xcconfig; name = "Pods-Test ProjectUITests.release.xcconfig"; path = "Target Support Files/Pods-Test ProjectUITests/Pods-Test ProjectUITests.release.xcconfig"; sourceTree = "<group>"; };
		B2226D6259FCACD388374F50 /* Pods-Test Project.release.xcconfig */ = {isa = PBXFileReference; includeInIndex = 1; lastKnownFileType = text.xcconfig; name = "Pods-Test Project.release.xcconfig"; path = "Target Support Files/Pods-Test Project/Pods-Test Project.release.xcconfig"; sourceTree = "<group>"; };
		BB249B5FF86250FD0B3FD07E /* Pods-Test ProjectUITests.debug.xcconfig */ = {isa = PBXFileReference; includeInIndex = 1; lastKnownFileType = text.xcconfig; name = "Pods-Test ProjectUITests.debug.xcconfig"; path = "Target Support Files/Pods-Test ProjectUITests/Pods-Test ProjectUITests.debug.xcconfig"; sourceTree = "<group>"; };
		EB98F0D5AE152B835264583B /* Pods-Test ProjectTests.debug.xcconfig */ = {isa = PBXFileReference; includeInIndex = 1; lastKnownFileType = text.xcconfig; name = "Pods-Test ProjectTests.debug.xcconfig"; path = "Target Support Files/Pods-Test ProjectTests/Pods-Test ProjectTests.debug.xcconfig"; sourceTree = "<group>"; };
		F2BEE7FB5E2DF23DABF96563 /* Pods-Test ProjectTests.release.xcconfig */ = {isa = PBXFileReference; includeInIndex = 1; lastKnownFileType = text.xcconfig; name = "Pods-Test ProjectTests.release.xcconfig"; path = "Target Support Files/Pods-Test ProjectTests/Pods-Test ProjectTests.release.xcconfig"; sourceTree = "<group>"; };
/* End PBXFileReference section */

/* Begin PBXFrameworksBuildPhase section */
		5035EF16237C3D380096CBFF /* Frameworks */ = {
			isa = PBXFrameworksBuildPhase;
			buildActionMask = 2147483647;
			files = (
				DDEDB47622CA61141DAC85F2 /* Pods_Test_Project.framework in Frameworks */,
			);
			runOnlyForDeploymentPostprocessing = 0;
		};
		5035EF2C237C3D390096CBFF /* Frameworks */ = {
			isa = PBXFrameworksBuildPhase;
			buildActionMask = 2147483647;
			files = (
				2D04F0271694519F6914D32E /* Pods_Test_ProjectTests.framework in Frameworks */,
			);
			runOnlyForDeploymentPostprocessing = 0;
		};
		5035EF37237C3D390096CBFF /* Frameworks */ = {
			isa = PBXFrameworksBuildPhase;
			buildActionMask = 2147483647;
			files = (
				D6BBA46B91FEBA22CACC61EF /* libPods-Test ProjectUITests.a in Frameworks */,
			);
			runOnlyForDeploymentPostprocessing = 0;
		};
/* End PBXFrameworksBuildPhase section */

/* Begin PBXGroup section */
		36D608979B86D289586BB1D1 /* Frameworks */ = {
			isa = PBXGroup;
			children = (
				50179986237C500300A6EF08 /* AlamofireObjectMapper.framework */,
				50179984237C4FFD00A6EF08 /* Alamofire.framework */,
				3DC3E34ECC9E9EC0DDC20D92 /* Pods_Test_Project.framework */,
				2B19AB440E960B58BF4F7A71 /* Pods_Test_ProjectTests.framework */,
				2F0B3B87D0422733B926E988 /* libPods-Test ProjectUITests.a */,
			);
			name = Frameworks;
			sourceTree = "<group>";
		};
		5035EF10237C3D380096CBFF = {
			isa = PBXGroup;
			children = (
				5035EF1B237C3D380096CBFF /* Test Project */,
				5035EF32237C3D390096CBFF /* Test ProjectTests */,
				5035EF3D237C3D390096CBFF /* Test ProjectUITests */,
				5035EF1A237C3D380096CBFF /* Products */,
				568B2EEADE6288C890FF109C /* Pods */,
				36D608979B86D289586BB1D1 /* Frameworks */,
			);
			sourceTree = "<group>";
		};
		5035EF1A237C3D380096CBFF /* Products */ = {
			isa = PBXGroup;
			children = (
				5035EF19237C3D380096CBFF /* Test Project.app */,
				5035EF2F237C3D390096CBFF /* Test ProjectTests.xctest */,
				5035EF3A237C3D390096CBFF /* Test ProjectUITests.xctest */,
			);
			name = Products;
			sourceTree = "<group>";
		};
		5035EF1B237C3D380096CBFF /* Test Project */ = {
			isa = PBXGroup;
			children = (
				50FEC4A2237CE63D00C519ED /* Views */,
				5035EF4C237C3D740096CBFF /* Module */,
				5035EF1C237C3D380096CBFF /* AppDelegate.swift */,
				5035EF27237C3D380096CBFF /* LaunchScreen.storyboard */,
				5035EF25237C3D380096CBFF /* Assets.xcassets */,
				5035EF2A237C3D380096CBFF /* Info.plist */,
			);
			path = "Test Project";
			sourceTree = "<group>";
		};
		5035EF32237C3D390096CBFF /* Test ProjectTests */ = {
			isa = PBXGroup;
			children = (
				847D4E80237D720D00E7065C /* BooksListTest */,
				5035EF33237C3D390096CBFF /* Test_ProjectTests.swift */,
				5035EF35237C3D390096CBFF /* Info.plist */,
			);
			path = "Test ProjectTests";
			sourceTree = "<group>";
		};
		5035EF3D237C3D390096CBFF /* Test ProjectUITests */ = {
			isa = PBXGroup;
			children = (
				5035EF3E237C3D390096CBFF /* Test_ProjectUITests.swift */,
				5035EF40237C3D390096CBFF /* Info.plist */,
			);
			path = "Test ProjectUITests";
			sourceTree = "<group>";
		};
		5035EF4C237C3D740096CBFF /* Module */ = {
			isa = PBXGroup;
			children = (
				847D4E66237D562700E7065C /* BookDetails */,
				5035EF4D237C3D7D0096CBFF /* BookListScene */,
			);
			path = Module;
			sourceTree = "<group>";
		};
		5035EF4D237C3D7D0096CBFF /* BookListScene */ = {
			isa = PBXGroup;
			children = (
				50D97EDA237C41BB00C6D024 /* BooksListPresenter.swift */,
				50D97EDC237C41BB00C6D024 /* BooksListRouter.swift */,
				50D97EDD237C41BB00C6D024 /* BooksListModels.swift */,
				50D97EDE237C41BB00C6D024 /* BooksListViewController.swift */,
				50D97EDF237C41BB00C6D024 /* BooksListInteractor.swift */,
			);
			path = BookListScene;
			sourceTree = "<group>";
		};
		50FEC4A2237CE63D00C519ED /* Views */ = {
			isa = PBXGroup;
			children = (
				50FEC4A3237CE64D00C519ED /* TableViewCells */,
			);
			path = Views;
			sourceTree = "<group>";
		};
		50FEC4A3237CE64D00C519ED /* TableViewCells */ = {
			isa = PBXGroup;
			children = (
				50FEC4A6237CE6A500C519ED /* BookCell.swift */,
				50FEC4A7237CE6A500C519ED /* BookCell.xib */,
			);
			path = TableViewCells;
			sourceTree = "<group>";
		};
		568B2EEADE6288C890FF109C /* Pods */ = {
			isa = PBXGroup;
			children = (
				13A0A84DB1148814067A5D3F /* Pods-Test Project.debug.xcconfig */,
				B2226D6259FCACD388374F50 /* Pods-Test Project.release.xcconfig */,
				EB98F0D5AE152B835264583B /* Pods-Test ProjectTests.debug.xcconfig */,
				F2BEE7FB5E2DF23DABF96563 /* Pods-Test ProjectTests.release.xcconfig */,
				BB249B5FF86250FD0B3FD07E /* Pods-Test ProjectUITests.debug.xcconfig */,
				ACDAE65547415EE409D8D10C /* Pods-Test ProjectUITests.release.xcconfig */,
				7984539F514B789184A88163 /* Pods-Test Project-Test ProjectTests.debug.xcconfig */,
				9A8A1022B239305DC4B20CB0 /* Pods-Test Project-Test ProjectTests.release.xcconfig */,
				13F0C6A7B7CE8FD887B9ED3E /* Pods-Test Project-Test ProjectUITests.debug.xcconfig */,
				00E1E80CB71E1B1EE697C77F /* Pods-Test Project-Test ProjectUITests.release.xcconfig */,
			);
			path = Pods;
			sourceTree = "<group>";
		};
		847D4E66237D562700E7065C /* BookDetails */ = {
			isa = PBXGroup;
			children = (
				847D4E6B237D59C400E7065C /* BookDetailsViewController.swift */,
				847D4E75237D5BCA00E7065C /* BookDetails.storyboard */,
			);
			path = BookDetails;
			sourceTree = "<group>";
		};
		847D4E80237D720D00E7065C /* BooksListTest */ = {
			isa = PBXGroup;
			children = (
				847D4E81237D722700E7065C /* BooksListViewControllerTests.swift */,
				847D4E82237D722700E7065C /* BooksListInteractorTests.swift */,
				847D4E84237D722700E7065C /* BooksListPresenterTests.swift */,
			);
			path = BooksListTest;
			sourceTree = "<group>";
		};
/* End PBXGroup section */

/* Begin PBXNativeTarget section */
		5035EF18237C3D380096CBFF /* Test Project */ = {
			isa = PBXNativeTarget;
			buildConfigurationList = 5035EF43237C3D390096CBFF /* Build configuration list for PBXNativeTarget "Test Project" */;
			buildPhases = (
				053ABE401737221E76CBEB50 /* [CP] Check Pods Manifest.lock */,
				5035EF15237C3D380096CBFF /* Sources */,
				5035EF16237C3D380096CBFF /* Frameworks */,
				5035EF17237C3D380096CBFF /* Resources */,
				C0E75DAB46D378755553FA63 /* [CP] Embed Pods Frameworks */,
			);
			buildRules = (
			);
			dependencies = (
			);
			name = "Test Project";
			productName = "Test Project";
			productReference = 5035EF19237C3D380096CBFF /* Test Project.app */;
			productType = "com.apple.product-type.application";
		};
		5035EF2E237C3D390096CBFF /* Test ProjectTests */ = {
			isa = PBXNativeTarget;
			buildConfigurationList = 5035EF46237C3D390096CBFF /* Build configuration list for PBXNativeTarget "Test ProjectTests" */;
			buildPhases = (
				C03621E08987C23DF8AD7B11 /* [CP] Check Pods Manifest.lock */,
				5035EF2B237C3D390096CBFF /* Sources */,
				5035EF2C237C3D390096CBFF /* Frameworks */,
				5035EF2D237C3D390096CBFF /* Resources */,
			);
			buildRules = (
			);
			dependencies = (
				5035EF31237C3D390096CBFF /* PBXTargetDependency */,
			);
			name = "Test ProjectTests";
			productName = "Test ProjectTests";
			productReference = 5035EF2F237C3D390096CBFF /* Test ProjectTests.xctest */;
			productType = "com.apple.product-type.bundle.unit-test";
		};
		5035EF39237C3D390096CBFF /* Test ProjectUITests */ = {
			isa = PBXNativeTarget;
			buildConfigurationList = 5035EF49237C3D390096CBFF /* Build configuration list for PBXNativeTarget "Test ProjectUITests" */;
			buildPhases = (
				6B95935A9B712ADBCEAEDC1B /* [CP] Check Pods Manifest.lock */,
				5035EF36237C3D390096CBFF /* Sources */,
				5035EF37237C3D390096CBFF /* Frameworks */,
				5035EF38237C3D390096CBFF /* Resources */,
			);
			buildRules = (
			);
			dependencies = (
				5035EF3C237C3D390096CBFF /* PBXTargetDependency */,
			);
			name = "Test ProjectUITests";
			productName = "Test ProjectUITests";
			productReference = 5035EF3A237C3D390096CBFF /* Test ProjectUITests.xctest */;
			productType = "com.apple.product-type.bundle.ui-testing";
		};
/* End PBXNativeTarget section */

/* Begin PBXProject section */
		5035EF11237C3D380096CBFF /* Project object */ = {
			isa = PBXProject;
			attributes = {
				LastSwiftUpdateCheck = 1110;
				LastUpgradeCheck = 1110;
				ORGANIZATIONNAME = "saroj raut";
				TargetAttributes = {
					5035EF18237C3D380096CBFF = {
						CreatedOnToolsVersion = 11.1;
					};
					5035EF2E237C3D390096CBFF = {
						CreatedOnToolsVersion = 11.1;
						TestTargetID = 5035EF18237C3D380096CBFF;
					};
					5035EF39237C3D390096CBFF = {
						CreatedOnToolsVersion = 11.1;
						TestTargetID = 5035EF18237C3D380096CBFF;
					};
				};
			};
			buildConfigurationList = 5035EF14237C3D380096CBFF /* Build configuration list for PBXProject "Test Project" */;
			compatibilityVersion = "Xcode 9.3";
			developmentRegion = en;
			hasScannedForEncodings = 0;
			knownRegions = (
				en,
				Base,
			);
			mainGroup = 5035EF10237C3D380096CBFF;
			productRefGroup = 5035EF1A237C3D380096CBFF /* Products */;
			projectDirPath = "";
			projectRoot = "";
			targets = (
				5035EF18237C3D380096CBFF /* Test Project */,
				5035EF2E237C3D390096CBFF /* Test ProjectTests */,
				5035EF39237C3D390096CBFF /* Test ProjectUITests */,
			);
		};
/* End PBXProject section */

/* Begin PBXResourcesBuildPhase section */
		5035EF17237C3D380096CBFF /* Resources */ = {
			isa = PBXResourcesBuildPhase;
			buildActionMask = 2147483647;
			files = (
				50FEC4A9237CE6A500C519ED /* BookCell.xib in Resources */,
				847D4E76237D5BCA00E7065C /* BookDetails.storyboard in Resources */,
				5035EF29237C3D380096CBFF /* LaunchScreen.storyboard in Resources */,
				5035EF26237C3D380096CBFF /* Assets.xcassets in Resources */,
			);
			runOnlyForDeploymentPostprocessing = 0;
		};
		5035EF2D237C3D390096CBFF /* Resources */ = {
			isa = PBXResourcesBuildPhase;
			buildActionMask = 2147483647;
			files = (
			);
			runOnlyForDeploymentPostprocessing = 0;
		};
		5035EF38237C3D390096CBFF /* Resources */ = {
			isa = PBXResourcesBuildPhase;
			buildActionMask = 2147483647;
			files = (
			);
			runOnlyForDeploymentPostprocessing = 0;
		};
/* End PBXResourcesBuildPhase section */

/* Begin PBXShellScriptBuildPhase section */
		053ABE401737221E76CBEB50 /* [CP] Check Pods Manifest.lock */ = {
			isa = PBXShellScriptBuildPhase;
			buildActionMask = 2147483647;
			files = (
			);
			inputFileListPaths = (
			);
			inputPaths = (
				"${PODS_PODFILE_DIR_PATH}/Podfile.lock",
				"${PODS_ROOT}/Manifest.lock",
			);
			name = "[CP] Check Pods Manifest.lock";
			outputFileListPaths = (
			);
			outputPaths = (
				"$(DERIVED_FILE_DIR)/Pods-Test Project-checkManifestLockResult.txt",
			);
			runOnlyForDeploymentPostprocessing = 0;
			shellPath = /bin/sh;
			shellScript = "diff \"${PODS_PODFILE_DIR_PATH}/Podfile.lock\" \"${PODS_ROOT}/Manifest.lock\" > /dev/null\nif [ $? != 0 ] ; then\n    # print error to STDERR\n    echo \"error: The sandbox is not in sync with the Podfile.lock. Run 'pod install' or update your CocoaPods installation.\" >&2\n    exit 1\nfi\n# This output is used by Xcode 'outputs' to avoid re-running this script phase.\necho \"SUCCESS\" > \"${SCRIPT_OUTPUT_FILE_0}\"\n";
			showEnvVarsInLog = 0;
		};
		6B95935A9B712ADBCEAEDC1B /* [CP] Check Pods Manifest.lock */ = {
			isa = PBXShellScriptBuildPhase;
			buildActionMask = 2147483647;
			files = (
			);
			inputFileListPaths = (
			);
			inputPaths = (
				"${PODS_PODFILE_DIR_PATH}/Podfile.lock",
				"${PODS_ROOT}/Manifest.lock",
			);
			name = "[CP] Check Pods Manifest.lock";
			outputFileListPaths = (
			);
			outputPaths = (
				"$(DERIVED_FILE_DIR)/Pods-Test ProjectUITests-checkManifestLockResult.txt",
			);
			runOnlyForDeploymentPostprocessing = 0;
			shellPath = /bin/sh;
			shellScript = "diff \"${PODS_PODFILE_DIR_PATH}/Podfile.lock\" \"${PODS_ROOT}/Manifest.lock\" > /dev/null\nif [ $? != 0 ] ; then\n    # print error to STDERR\n    echo \"error: The sandbox is not in sync with the Podfile.lock. Run 'pod install' or update your CocoaPods installation.\" >&2\n    exit 1\nfi\n# This output is used by Xcode 'outputs' to avoid re-running this script phase.\necho \"SUCCESS\" > \"${SCRIPT_OUTPUT_FILE_0}\"\n";
			showEnvVarsInLog = 0;
		};
		C03621E08987C23DF8AD7B11 /* [CP] Check Pods Manifest.lock */ = {
			isa = PBXShellScriptBuildPhase;
			buildActionMask = 2147483647;
			files = (
			);
			inputFileListPaths = (
			);
			inputPaths = (
				"${PODS_PODFILE_DIR_PATH}/Podfile.lock",
				"${PODS_ROOT}/Manifest.lock",
			);
			name = "[CP] Check Pods Manifest.lock";
			outputFileListPaths = (
			);
			outputPaths = (
				"$(DERIVED_FILE_DIR)/Pods-Test ProjectTests-checkManifestLockResult.txt",
			);
			runOnlyForDeploymentPostprocessing = 0;
			shellPath = /bin/sh;
			shellScript = "diff \"${PODS_PODFILE_DIR_PATH}/Podfile.lock\" \"${PODS_ROOT}/Manifest.lock\" > /dev/null\nif [ $? != 0 ] ; then\n    # print error to STDERR\n    echo \"error: The sandbox is not in sync with the Podfile.lock. Run 'pod install' or update your CocoaPods installation.\" >&2\n    exit 1\nfi\n# This output is used by Xcode 'outputs' to avoid re-running this script phase.\necho \"SUCCESS\" > \"${SCRIPT_OUTPUT_FILE_0}\"\n";
			showEnvVarsInLog = 0;
		};
		C0E75DAB46D378755553FA63 /* [CP] Embed Pods Frameworks */ = {
			isa = PBXShellScriptBuildPhase;
			buildActionMask = 2147483647;
			files = (
			);
			inputFileListPaths = (
				"${PODS_ROOT}/Target Support Files/Pods-Test Project/Pods-Test Project-frameworks-${CONFIGURATION}-input-files.xcfilelist",
			);
			name = "[CP] Embed Pods Frameworks";
			outputFileListPaths = (
				"${PODS_ROOT}/Target Support Files/Pods-Test Project/Pods-Test Project-frameworks-${CONFIGURATION}-output-files.xcfilelist",
			);
			runOnlyForDeploymentPostprocessing = 0;
			shellPath = /bin/sh;
			shellScript = "\"${PODS_ROOT}/Target Support Files/Pods-Test Project/Pods-Test Project-frameworks.sh\"\n";
			showEnvVarsInLog = 0;
		};
/* End PBXShellScriptBuildPhase section */

/* Begin PBXSourcesBuildPhase section */
		5035EF15237C3D380096CBFF /* Sources */ = {
			isa = PBXSourcesBuildPhase;
			buildActionMask = 2147483647;
			files = (
				5035EF1D237C3D380096CBFF /* AppDelegate.swift in Sources */,
				50D97EE6237C41BB00C6D024 /* BooksListInteractor.swift in Sources */,
				50D97EE1237C41BB00C6D024 /* BooksListPresenter.swift in Sources */,
				50FEC4A8237CE6A500C519ED /* BookCell.swift in Sources */,
				50D97EE4237C41BB00C6D024 /* BooksListModels.swift in Sources */,
				50D97EE3237C41BB00C6D024 /* BooksListRouter.swift in Sources */,
				847D4E72237D59C400E7065C /* BookDetailsViewController.swift in Sources */,
				50D97EE5237C41BB00C6D024 /* BooksListViewController.swift in Sources */,
			);
			runOnlyForDeploymentPostprocessing = 0;
		};
		5035EF2B237C3D390096CBFF /* Sources */ = {
			isa = PBXSourcesBuildPhase;
			buildActionMask = 2147483647;
			files = (
				5035EF34237C3D390096CBFF /* Test_ProjectTests.swift in Sources */,
				847D4E85237D722700E7065C /* BooksListViewControllerTests.swift in Sources */,
				847D4E88237D722700E7065C /* BooksListPresenterTests.swift in Sources */,
				847D4E86237D722700E7065C /* BooksListInteractorTests.swift in Sources */,
			);
			runOnlyForDeploymentPostprocessing = 0;
		};
		5035EF36237C3D390096CBFF /* Sources */ = {
			isa = PBXSourcesBuildPhase;
			buildActionMask = 2147483647;
			files = (
				5035EF3F237C3D390096CBFF /* Test_ProjectUITests.swift in Sources */,
			);
			runOnlyForDeploymentPostprocessing = 0;
		};
/* End PBXSourcesBuildPhase section */

/* Begin PBXTargetDependency section */
		5035EF31237C3D390096CBFF /* PBXTargetDependency */ = {
			isa = PBXTargetDependency;
			target = 5035EF18237C3D380096CBFF /* Test Project */;
			targetProxy = 5035EF30237C3D390096CBFF /* PBXContainerItemProxy */;
		};
		5035EF3C237C3D390096CBFF /* PBXTargetDependency */ = {
			isa = PBXTargetDependency;
			target = 5035EF18237C3D380096CBFF /* Test Project */;
			targetProxy = 5035EF3B237C3D390096CBFF /* PBXContainerItemProxy */;
		};
/* End PBXTargetDependency section */

/* Begin PBXVariantGroup section */
		5035EF27237C3D380096CBFF /* LaunchScreen.storyboard */ = {
			isa = PBXVariantGroup;
			children = (
				5035EF28237C3D380096CBFF /* Base */,
			);
			name = LaunchScreen.storyboard;
			sourceTree = "<group>";
		};
/* End PBXVariantGroup section */

/* Begin XCBuildConfiguration section */
		5035EF41237C3D390096CBFF /* Debug */ = {
			isa = XCBuildConfiguration;
			buildSettings = {
				ALWAYS_SEARCH_USER_PATHS = NO;
				CLANG_ANALYZER_NONNULL = YES;
				CLANG_ANALYZER_NUMBER_OBJECT_CONVERSION = YES_AGGRESSIVE;
				CLANG_CXX_LANGUAGE_STANDARD = "gnu++14";
				CLANG_CXX_LIBRARY = "libc++";
				CLANG_ENABLE_MODULES = YES;
				CLANG_ENABLE_OBJC_ARC = YES;
				CLANG_ENABLE_OBJC_WEAK = YES;
				CLANG_WARN_BLOCK_CAPTURE_AUTORELEASING = YES;
				CLANG_WARN_BOOL_CONVERSION = YES;
				CLANG_WARN_COMMA = YES;
				CLANG_WARN_CONSTANT_CONVERSION = YES;
				CLANG_WARN_DEPRECATED_OBJC_IMPLEMENTATIONS = YES;
				CLANG_WARN_DIRECT_OBJC_ISA_USAGE = YES_ERROR;
				CLANG_WARN_DOCUMENTATION_COMMENTS = YES;
				CLANG_WARN_EMPTY_BODY = YES;
				CLANG_WARN_ENUM_CONVERSION = YES;
				CLANG_WARN_INFINITE_RECURSION = YES;
				CLANG_WARN_INT_CONVERSION = YES;
				CLANG_WARN_NON_LITERAL_NULL_CONVERSION = YES;
				CLANG_WARN_OBJC_IMPLICIT_RETAIN_SELF = YES;
				CLANG_WARN_OBJC_LITERAL_CONVERSION = YES;
				CLANG_WARN_OBJC_ROOT_CLASS = YES_ERROR;
				CLANG_WARN_RANGE_LOOP_ANALYSIS = YES;
				CLANG_WARN_STRICT_PROTOTYPES = YES;
				CLANG_WARN_SUSPICIOUS_MOVE = YES;
				CLANG_WARN_UNGUARDED_AVAILABILITY = YES_AGGRESSIVE;
				CLANG_WARN_UNREACHABLE_CODE = YES;
				CLANG_WARN__DUPLICATE_METHOD_MATCH = YES;
				COPY_PHASE_STRIP = NO;
				DEBUG_INFORMATION_FORMAT = dwarf;
				ENABLE_STRICT_OBJC_MSGSEND = YES;
				ENABLE_TESTABILITY = YES;
				GCC_C_LANGUAGE_STANDARD = gnu11;
				GCC_DYNAMIC_NO_PIC = NO;
				GCC_NO_COMMON_BLOCKS = YES;
				GCC_OPTIMIZATION_LEVEL = 0;
				GCC_PREPROCESSOR_DEFINITIONS = (
					"DEBUG=1",
					"$(inherited)",
				);
				GCC_WARN_64_TO_32_BIT_CONVERSION = YES;
				GCC_WARN_ABOUT_RETURN_TYPE = YES_ERROR;
				GCC_WARN_UNDECLARED_SELECTOR = YES;
				GCC_WARN_UNINITIALIZED_AUTOS = YES_AGGRESSIVE;
				GCC_WARN_UNUSED_FUNCTION = YES;
				GCC_WARN_UNUSED_VARIABLE = YES;
				IPHONEOS_DEPLOYMENT_TARGET = 10.0;
				MTL_ENABLE_DEBUG_INFO = INCLUDE_SOURCE;
				MTL_FAST_MATH = YES;
				ONLY_ACTIVE_ARCH = YES;
				SDKROOT = iphoneos;
				SWIFT_ACTIVE_COMPILATION_CONDITIONS = DEBUG;
				SWIFT_OPTIMIZATION_LEVEL = "-Onone";
			};
			name = Debug;
		};
		5035EF42237C3D390096CBFF /* Release */ = {
			isa = XCBuildConfiguration;
			buildSettings = {
				ALWAYS_SEARCH_USER_PATHS = NO;
				CLANG_ANALYZER_NONNULL = YES;
				CLANG_ANALYZER_NUMBER_OBJECT_CONVERSION = YES_AGGRESSIVE;
				CLANG_CXX_LANGUAGE_STANDARD = "gnu++14";
				CLANG_CXX_LIBRARY = "libc++";
				CLANG_ENABLE_MODULES = YES;
				CLANG_ENABLE_OBJC_ARC = YES;
				CLANG_ENABLE_OBJC_WEAK = YES;
				CLANG_WARN_BLOCK_CAPTURE_AUTORELEASING = YES;
				CLANG_WARN_BOOL_CONVERSION = YES;
				CLANG_WARN_COMMA = YES;
				CLANG_WARN_CONSTANT_CONVERSION = YES;
				CLANG_WARN_DEPRECATED_OBJC_IMPLEMENTATIONS = YES;
				CLANG_WARN_DIRECT_OBJC_ISA_USAGE = YES_ERROR;
				CLANG_WARN_DOCUMENTATION_COMMENTS = YES;
				CLANG_WARN_EMPTY_BODY = YES;
				CLANG_WARN_ENUM_CONVERSION = YES;
				CLANG_WARN_INFINITE_RECURSION = YES;
				CLANG_WARN_INT_CONVERSION = YES;
				CLANG_WARN_NON_LITERAL_NULL_CONVERSION = YES;
				CLANG_WARN_OBJC_IMPLICIT_RETAIN_SELF = YES;
				CLANG_WARN_OBJC_LITERAL_CONVERSION = YES;
				CLANG_WARN_OBJC_ROOT_CLASS = YES_ERROR;
				CLANG_WARN_RANGE_LOOP_ANALYSIS = YES;
				CLANG_WARN_STRICT_PROTOTYPES = YES;
				CLANG_WARN_SUSPICIOUS_MOVE = YES;
				CLANG_WARN_UNGUARDED_AVAILABILITY = YES_AGGRESSIVE;
				CLANG_WARN_UNREACHABLE_CODE = YES;
				CLANG_WARN__DUPLICATE_METHOD_MATCH = YES;
				COPY_PHASE_STRIP = NO;
				DEBUG_INFORMATION_FORMAT = "dwarf-with-dsym";
				ENABLE_NS_ASSERTIONS = NO;
				ENABLE_STRICT_OBJC_MSGSEND = YES;
				GCC_C_LANGUAGE_STANDARD = gnu11;
				GCC_NO_COMMON_BLOCKS = YES;
				GCC_WARN_64_TO_32_BIT_CONVERSION = YES;
				GCC_WARN_ABOUT_RETURN_TYPE = YES_ERROR;
				GCC_WARN_UNDECLARED_SELECTOR = YES;
				GCC_WARN_UNINITIALIZED_AUTOS = YES_AGGRESSIVE;
				GCC_WARN_UNUSED_FUNCTION = YES;
				GCC_WARN_UNUSED_VARIABLE = YES;
				IPHONEOS_DEPLOYMENT_TARGET = 10.0;
				MTL_ENABLE_DEBUG_INFO = NO;
				MTL_FAST_MATH = YES;
				SDKROOT = iphoneos;
				SWIFT_COMPILATION_MODE = wholemodule;
				SWIFT_OPTIMIZATION_LEVEL = "-O";
				VALIDATE_PRODUCT = YES;
			};
			name = Release;
		};
		5035EF44237C3D390096CBFF /* Debug */ = {
			isa = XCBuildConfiguration;
			baseConfigurationReference = 13A0A84DB1148814067A5D3F /* Pods-Test Project.debug.xcconfig */;
			buildSettings = {
				ALWAYS_SEARCH_USER_PATHS = YES;
				ASSETCATALOG_COMPILER_APPICON_NAME = AppIcon;
				CODE_SIGN_STYLE = Automatic;
				DEVELOPMENT_TEAM = 46FE8LX528;
				INFOPLIST_FILE = "Test Project/Info.plist";
				IPHONEOS_DEPLOYMENT_TARGET = 10.0;
				LD_RUNPATH_SEARCH_PATHS = (
					"$(inherited)",
					"@executable_path/Frameworks",
				);
				PRODUCT_BUNDLE_IDENTIFIER = "SarojRaut.com.Test-Project";
				PRODUCT_NAME = "$(TARGET_NAME)";
				SWIFT_VERSION = 5.0;
				TARGETED_DEVICE_FAMILY = "1,2";
			};
			name = Debug;
		};
		5035EF45237C3D390096CBFF /* Release */ = {
			isa = XCBuildConfiguration;
			baseConfigurationReference = B2226D6259FCACD388374F50 /* Pods-Test Project.release.xcconfig */;
			buildSettings = {
				ALWAYS_SEARCH_USER_PATHS = YES;
				ASSETCATALOG_COMPILER_APPICON_NAME = AppIcon;
				CODE_SIGN_STYLE = Automatic;
				DEVELOPMENT_TEAM = 46FE8LX528;
				INFOPLIST_FILE = "Test Project/Info.plist";
				IPHONEOS_DEPLOYMENT_TARGET = 10.0;
				LD_RUNPATH_SEARCH_PATHS = (
					"$(inherited)",
					"@executable_path/Frameworks",
				);
				PRODUCT_BUNDLE_IDENTIFIER = "SarojRaut.com.Test-Project";
				PRODUCT_NAME = "$(TARGET_NAME)";
				SWIFT_VERSION = 5.0;
				TARGETED_DEVICE_FAMILY = "1,2";
			};
			name = Release;
		};
		5035EF47237C3D390096CBFF /* Debug */ = {
			isa = XCBuildConfiguration;
			baseConfigurationReference = EB98F0D5AE152B835264583B /* Pods-Test ProjectTests.debug.xcconfig */;
			buildSettings = {
				ALWAYS_EMBED_SWIFT_STANDARD_LIBRARIES = YES;
				BUNDLE_LOADER = "$(TEST_HOST)";
				CODE_SIGN_STYLE = Automatic;
				DEVELOPMENT_TEAM = 46FE8LX528;
				INFOPLIST_FILE = "Test ProjectTests/Info.plist";
				IPHONEOS_DEPLOYMENT_TARGET = 13.1;
				LD_RUNPATH_SEARCH_PATHS = (
					"$(inherited)",
					"@executable_path/Frameworks",
					"@loader_path/Frameworks",
				);
				PRODUCT_BUNDLE_IDENTIFIER = "SarojRaut.com.Test-ProjectTests";
				PRODUCT_NAME = "$(TARGET_NAME)";
				SWIFT_VERSION = 5.0;
				TARGETED_DEVICE_FAMILY = "1,2";
				TEST_HOST = "$(BUILT_PRODUCTS_DIR)/Test Project.app/Test Project";
			};
			name = Debug;
		};
		5035EF48237C3D390096CBFF /* Release */ = {
			isa = XCBuildConfiguration;
			baseConfigurationReference = F2BEE7FB5E2DF23DABF96563 /* Pods-Test ProjectTests.release.xcconfig */;
			buildSettings = {
				ALWAYS_EMBED_SWIFT_STANDARD_LIBRARIES = YES;
				BUNDLE_LOADER = "$(TEST_HOST)";
				CODE_SIGN_STYLE = Automatic;
				DEVELOPMENT_TEAM = 46FE8LX528;
				INFOPLIST_FILE = "Test ProjectTests/Info.plist";
				IPHONEOS_DEPLOYMENT_TARGET = 13.1;
				LD_RUNPATH_SEARCH_PATHS = (
					"$(inherited)",
					"@executable_path/Frameworks",
					"@loader_path/Frameworks",
				);
				PRODUCT_BUNDLE_IDENTIFIER = "SarojRaut.com.Test-ProjectTests";
				PRODUCT_NAME = "$(TARGET_NAME)";
				SWIFT_VERSION = 5.0;
				TARGETED_DEVICE_FAMILY = "1,2";
				TEST_HOST = "$(BUILT_PRODUCTS_DIR)/Test Project.app/Test Project";
			};
			name = Release;
		};
		5035EF4A237C3D390096CBFF /* Debug */ = {
			isa = XCBuildConfiguration;
			baseConfigurationReference = BB249B5FF86250FD0B3FD07E /* Pods-Test ProjectUITests.debug.xcconfig */;
			buildSettings = {
				ALWAYS_EMBED_SWIFT_STANDARD_LIBRARIES = YES;
				CODE_SIGN_STYLE = Automatic;
				DEVELOPMENT_TEAM = 46FE8LX528;
				INFOPLIST_FILE = "Test ProjectUITests/Info.plist";
				LD_RUNPATH_SEARCH_PATHS = (
					"$(inherited)",
					"@executable_path/Frameworks",
					"@loader_path/Frameworks",
				);
				PRODUCT_BUNDLE_IDENTIFIER = "SarojRaut.com.Test-ProjectUITests";
				PRODUCT_NAME = "$(TARGET_NAME)";
				SWIFT_VERSION = 5.0;
				TARGETED_DEVICE_FAMILY = "1,2";
				TEST_TARGET_NAME = "Test Project";
			};
			name = Debug;
		};
		5035EF4B237C3D390096CBFF /* Release */ = {
			isa = XCBuildConfiguration;
			baseConfigurationReference = ACDAE65547415EE409D8D10C /* Pods-Test ProjectUITests.release.xcconfig */;
			buildSettings = {
				ALWAYS_EMBED_SWIFT_STANDARD_LIBRARIES = YES;
				CODE_SIGN_STYLE = Automatic;
				DEVELOPMENT_TEAM = 46FE8LX528;
				INFOPLIST_FILE = "Test ProjectUITests/Info.plist";
				LD_RUNPATH_SEARCH_PATHS = (
					"$(inherited)",
					"@executable_path/Frameworks",
					"@loader_path/Frameworks",
				);
				PRODUCT_BUNDLE_IDENTIFIER = "SarojRaut.com.Test-ProjectUITests";
				PRODUCT_NAME = "$(TARGET_NAME)";
				SWIFT_VERSION = 5.0;
				TARGETED_DEVICE_FAMILY = "1,2";
				TEST_TARGET_NAME = "Test Project";
			};
			name = Release;
		};
/* End XCBuildConfiguration section */

/* Begin XCConfigurationList section */
		5035EF14237C3D380096CBFF /* Build configuration list for PBXProject "Test Project" */ = {
			isa = XCConfigurationList;
			buildConfigurations = (
				5035EF41237C3D390096CBFF /* Debug */,
				5035EF42237C3D390096CBFF /* Release */,
			);
			defaultConfigurationIsVisible = 0;
			defaultConfigurationName = Release;
		};
		5035EF43237C3D390096CBFF /* Build configuration list for PBXNativeTarget "Test Project" */ = {
			isa = XCConfigurationList;
			buildConfigurations = (
				5035EF44237C3D390096CBFF /* Debug */,
				5035EF45237C3D390096CBFF /* Release */,
			);
			defaultConfigurationIsVisible = 0;
			defaultConfigurationName = Release;
		};
		5035EF46237C3D390096CBFF /* Build configuration list for PBXNativeTarget "Test ProjectTests" */ = {
			isa = XCConfigurationList;
			buildConfigurations = (
				5035EF47237C3D390096CBFF /* Debug */,
				5035EF48237C3D390096CBFF /* Release */,
			);
			defaultConfigurationIsVisible = 0;
			defaultConfigurationName = Release;
		};
		5035EF49237C3D390096CBFF /* Build configuration list for PBXNativeTarget "Test ProjectUITests" */ = {
			isa = XCConfigurationList;
			buildConfigurations = (
				5035EF4A237C3D390096CBFF /* Debug */,
				5035EF4B237C3D390096CBFF /* Release */,
			);
			defaultConfigurationIsVisible = 0;
			defaultConfigurationName = Release;
		};
/* End XCConfigurationList section */
	};
	rootObject = 5035EF11237C3D380096CBFF /* Project object */;
}
